
Microsoft Visual Studio Solution File, Format Version 12.00
# Visual Studio Version 17
VisualStudioVersion = 17.4.33205.214
MinimumVisualStudioVersion = 10.0.40219.1
Project("{9A19103F-16F7-4668-BE54-9A1E7A4F7556}") = "AI_ImageRes", "AI_ImageRes\AI_ImageRes.csproj", "{B84B0F59-3701-46D4-A1AC-CBA17477DA4E}"
EndProject
Project("{9A19103F-16F7-4668-BE54-9A1E7A4F7556}") = "InternetImageParser", "InternetImageParser\InternetImageParser.csproj", "{5D37C500-0641-433A-BBFF-335F2B2F5042}"
EndProject
Project("{9A19103F-16F7-4668-BE54-9A1E7A4F7556}") = "WebML", "WebML\WebML.csproj", "{2D4A11F0-56CC-44CD-808E-A1E2C89B85F8}"
EndProject
Project("{9A19103F-16F7-4668-BE54-9A1E7A4F7556}") = "ConsoleTest", "ConsoleTest\ConsoleTest.csproj", "{73D4DF6F-3374-469B-A3EE-69FE39BDB1B1}"
EndProject
Project("{FAE04EC0-301F-11D3-BF4B-00C04F79EFBC}") = "AI_ImageTraining", "AI_ImageTraining\AI_ImageTraining.csproj", "{CFF2ECE4-7C34-4C8A-AADA-2327A65DB3A4}"
EndProject
Global
	GlobalSection(SolutionConfigurationPlatforms) = preSolution
		Debug|Any CPU = Debug|Any CPU
		Debug|x64 = Debug|x64
		Release|Any CPU = Release|Any CPU
		Release|x64 = Release|x64
	EndGlobalSection
	GlobalSection(ProjectConfigurationPlatforms) = postSolution
		{B84B0F59-3701-46D4-A1AC-CBA17477DA4E}.Debug|Any CPU.ActiveCfg = Debug|Any CPU
		{B84B0F59-3701-46D4-A1AC-CBA17477DA4E}.Debug|Any CPU.Build.0 = Debug|Any CPU
		{B84B0F59-3701-46D4-A1AC-CBA17477DA4E}.Debug|x64.ActiveCfg = Debug|x64
		{B84B0F59-3701-46D4-A1AC-CBA17477DA4E}.Debug|x64.Build.0 = Debug|x64
		{B84B0F59-3701-46D4-A1AC-CBA17477DA4E}.Release|Any CPU.ActiveCfg = Release|Any CPU
		{B84B0F59-3701-46D4-A1AC-CBA17477DA4E}.Release|Any CPU.Build.0 = Release|Any CPU
		{B84B0F59-3701-46D4-A1AC-CBA17477DA4E}.Release|x64.ActiveCfg = Release|x64
		{B84B0F59-3701-46D4-A1AC-CBA17477DA4E}.Release|x64.Build.0 = Release|x64
		{5D37C500-0641-433A-BBFF-335F2B2F5042}.Debug|Any CPU.ActiveCfg = Debug|Any CPU
		{5D37C500-0641-433A-BBFF-335F2B2F5042}.Debug|Any CPU.Build.0 = Debug|Any CPU
		{5D37C500-0641-433A-BBFF-335F2B2F5042}.Debug|x64.ActiveCfg = Debug|Any CPU
		{5D37C500-0641-433A-BBFF-335F2B2F5042}.Debug|x64.Build.0 = Debug|Any CPU
		{5D37C500-0641-433A-BBFF-335F2B2F5042}.Release|Any CPU.ActiveCfg = Release|Any CPU
		{5D37C500-0641-433A-BBFF-335F2B2F5042}.Release|Any CPU.Build.0 = Release|Any CPU
		{5D37C500-0641-433A-BBFF-335F2B2F5042}.Release|x64.ActiveCfg = Release|Any CPU
		{5D37C500-0641-433A-BBFF-335F2B2F5042}.Release|x64.Build.0 = Release|Any CPU
		{2D4A11F0-56CC-44CD-808E-A1E2C89B85F8}.Debug|Any CPU.ActiveCfg = Debug|Any CPU
		{2D4A11F0-56CC-44CD-808E-A1E2C89B85F8}.Debug|Any CPU.Build.0 = Debug|Any CPU
		{2D4A11F0-56CC-44CD-808E-A1E2C89B85F8}.Debug|x64.ActiveCfg = Debug|Any CPU
		{2D4A11F0-56CC-44CD-808E-A1E2C89B85F8}.Debug|x64.Build.0 = Debug|Any CPU
		{2D4A11F0-56CC-44CD-808E-A1E2C89B85F8}.Release|Any CPU.ActiveCfg = Release|Any CPU
		{2D4A11F0-56CC-44CD-808E-A1E2C89B85F8}.Release|Any CPU.Build.0 = Release|Any CPU
		{2D4A11F0-56CC-44CD-808E-A1E2C89B85F8}.Release|x64.ActiveCfg = Release|Any CPU
		{2D4A11F0-56CC-44CD-808E-A1E2C89B85F8}.Release|x64.Build.0 = Release|Any CPU
		{73D4DF6F-3374-469B-A3EE-69FE39BDB1B1}.Debug|Any CPU.ActiveCfg = Debug|Any CPU
		{73D4DF6F-3374-469B-A3EE-69FE39BDB1B1}.Debug|Any CPU.Build.0 = Debug|Any CPU
		{73D4DF6F-3374-469B-A3EE-69FE39BDB1B1}.Debug|x64.ActiveCfg = Debug|Any CPU
		{73D4DF6F-3374-469B-A3EE-69FE39BDB1B1}.Debug|x64.Build.0 = Debug|Any CPU
		{73D4DF6F-3374-469B-A3EE-69FE39BDB1B1}.Release|Any CPU.ActiveCfg = Release|Any CPU
		{73D4DF6F-3374-469B-A3EE-69FE39BDB1B1}.Release|Any CPU.Build.0 = Release|Any CPU
		{73D4DF6F-3374-469B-A3EE-69FE39BDB1B1}.Release|x64.ActiveCfg = Release|Any CPU
		{73D4DF6F-3374-469B-A3EE-69FE39BDB1B1}.Release|x64.Build.0 = Release|Any CPU
		{CFF2ECE4-7C34-4C8A-AADA-2327A65DB3A4}.Debug|Any CPU.ActiveCfg = Debug|Any CPU
		{CFF2ECE4-7C34-4C8A-AADA-2327A65DB3A4}.Debug|Any CPU.Build.0 = Debug|Any CPU
		{CFF2ECE4-7C34-4C8A-AADA-2327A65DB3A4}.Debug|x64.ActiveCfg = Debug|Any CPU
		{CFF2ECE4-7C34-4C8A-AADA-2327A65DB3A4}.Debug|x64.Build.0 = Debug|Any CPU
		{CFF2ECE4-7C34-4C8A-AADA-2327A65DB3A4}.Release|Any CPU.ActiveCfg = Release|Any CPU
		{CFF2ECE4-7C34-4C8A-AADA-2327A65DB3A4}.Release|Any CPU.Build.0 = Release|Any CPU
		{CFF2ECE4-7C34-4C8A-AADA-2327A65DB3A4}.Release|x64.ActiveCfg = Release|Any CPU
		{CFF2ECE4-7C34-4C8A-AADA-2327A65DB3A4}.Release|x64.Build.0 = Release|Any CPU
	EndGlobalSection
	GlobalSection(SolutionProperties) = preSolution
		HideSolutionNode = FALSE
	EndGlobalSection
	GlobalSection(ExtensibilityGlobals) = postSolution
		SolutionGuid = {077A3B9B-CDA4-49F0-BF83-DA9B52310D91}
	EndGlobalSection
EndGlobal
